
Microsoft Visual Studio Solution File, Format Version 12.00
# Visual Studio 14
VisualStudioVersion = 14.0.25420.1
MinimumVisualStudioVersion = 10.0.40219.1
Project("{2150E333-8FDC-42A3-9474-1A3956D46DE8}") = "Engine", "Engine", "{079F9510-B71F-4904-9913-ED3EA2B043F2}"
EndProject
Project("{2150E333-8FDC-42A3-9474-1A3956D46DE8}") = "Games", "Games", "{BE0AF403-7433-4FEC-A2C9-D55ABA90BD72}"
EndProject
Project("{8BC9CEB8-8B4A-11D0-8D11-00A0C91BC942}") = "UE4", "Intermediate\ProjectFiles\UE4.vcxproj", "{AFBD3517-3169-41C5-A3DC-FC43E9AAE7EA}"
EndProject
Project("{8BC9CEB8-8B4A-11D0-8D11-00A0C91BC942}") = "MPTemplate", "Intermediate\ProjectFiles\MPTemplate.vcxproj", "{207045A7-FDB6-4FC3-814F-D28C97922504}"
EndProject
Global
	GlobalSection(SolutionConfigurationPlatforms) = preSolution
		DebugGame Editor|HTML5 = DebugGame Editor|HTML5
		DebugGame Editor|Win32 = DebugGame Editor|Win32
		DebugGame Editor|Win64 = DebugGame Editor|Win64
		DebugGame|HTML5 = DebugGame|HTML5
		DebugGame|Win32 = DebugGame|Win32
		DebugGame|Win64 = DebugGame|Win64
		Development Editor|HTML5 = Development Editor|HTML5
		Development Editor|Win32 = Development Editor|Win32
		Development Editor|Win64 = Development Editor|Win64
		Development|HTML5 = Development|HTML5
		Development|Win32 = Development|Win32
		Development|Win64 = Development|Win64
		Shipping|HTML5 = Shipping|HTML5
		Shipping|Win32 = Shipping|Win32
		Shipping|Win64 = Shipping|Win64
	EndGlobalSection
	GlobalSection(ProjectConfigurationPlatforms) = postSolution
		{AFBD3517-3169-41C5-A3DC-FC43E9AAE7EA}.DebugGame Editor|HTML5.ActiveCfg = BuiltWithUnrealBuildTool|Win32
		{AFBD3517-3169-41C5-A3DC-FC43E9AAE7EA}.DebugGame Editor|HTML5.Build.0 = BuiltWithUnrealBuildTool|Win32
		{AFBD3517-3169-41C5-A3DC-FC43E9AAE7EA}.DebugGame Editor|Win32.ActiveCfg = BuiltWithUnrealBuildTool|Win32
		{AFBD3517-3169-41C5-A3DC-FC43E9AAE7EA}.DebugGame Editor|Win32.Build.0 = BuiltWithUnrealBuildTool|Win32
		{AFBD3517-3169-41C5-A3DC-FC43E9AAE7EA}.DebugGame Editor|Win64.ActiveCfg = BuiltWithUnrealBuildTool|Win32
		{AFBD3517-3169-41C5-A3DC-FC43E9AAE7EA}.DebugGame Editor|Win64.Build.0 = BuiltWithUnrealBuildTool|Win32
		{AFBD3517-3169-41C5-A3DC-FC43E9AAE7EA}.DebugGame|HTML5.ActiveCfg = BuiltWithUnrealBuildTool|Win32
		{AFBD3517-3169-41C5-A3DC-FC43E9AAE7EA}.DebugGame|HTML5.Build.0 = BuiltWithUnrealBuildTool|Win32
		{AFBD3517-3169-41C5-A3DC-FC43E9AAE7EA}.DebugGame|Win32.ActiveCfg = BuiltWithUnrealBuildTool|Win32
		{AFBD3517-3169-41C5-A3DC-FC43E9AAE7EA}.DebugGame|Win32.Build.0 = BuiltWithUnrealBuildTool|Win32
		{AFBD3517-3169-41C5-A3DC-FC43E9AAE7EA}.DebugGame|Win64.ActiveCfg = BuiltWithUnrealBuildTool|Win32
		{AFBD3517-3169-41C5-A3DC-FC43E9AAE7EA}.DebugGame|Win64.Build.0 = BuiltWithUnrealBuildTool|Win32
		{AFBD3517-3169-41C5-A3DC-FC43E9AAE7EA}.Development Editor|HTML5.ActiveCfg = BuiltWithUnrealBuildTool|Win32
		{AFBD3517-3169-41C5-A3DC-FC43E9AAE7EA}.Development Editor|HTML5.Build.0 = BuiltWithUnrealBuildTool|Win32
		{AFBD3517-3169-41C5-A3DC-FC43E9AAE7EA}.Development Editor|Win32.ActiveCfg = BuiltWithUnrealBuildTool|Win32
		{AFBD3517-3169-41C5-A3DC-FC43E9AAE7EA}.Development Editor|Win32.Build.0 = BuiltWithUnrealBuildTool|Win32
		{AFBD3517-3169-41C5-A3DC-FC43E9AAE7EA}.Development Editor|Win64.ActiveCfg = BuiltWithUnrealBuildTool|Win32
		{AFBD3517-3169-41C5-A3DC-FC43E9AAE7EA}.Development Editor|Win64.Build.0 = BuiltWithUnrealBuildTool|Win32
		{AFBD3517-3169-41C5-A3DC-FC43E9AAE7EA}.Development|HTML5.ActiveCfg = BuiltWithUnrealBuildTool|Win32
		{AFBD3517-3169-41C5-A3DC-FC43E9AAE7EA}.Development|HTML5.Build.0 = BuiltWithUnrealBuildTool|Win32
		{AFBD3517-3169-41C5-A3DC-FC43E9AAE7EA}.Development|Win32.ActiveCfg = BuiltWithUnrealBuildTool|Win32
		{AFBD3517-3169-41C5-A3DC-FC43E9AAE7EA}.Development|Win32.Build.0 = BuiltWithUnrealBuildTool|Win32
		{AFBD3517-3169-41C5-A3DC-FC43E9AAE7EA}.Development|Win64.ActiveCfg = BuiltWithUnrealBuildTool|Win32
		{AFBD3517-3169-41C5-A3DC-FC43E9AAE7EA}.Development|Win64.Build.0 = BuiltWithUnrealBuildTool|Win32
		{AFBD3517-3169-41C5-A3DC-FC43E9AAE7EA}.Shipping|HTML5.ActiveCfg = BuiltWithUnrealBuildTool|Win32
		{AFBD3517-3169-41C5-A3DC-FC43E9AAE7EA}.Shipping|HTML5.Build.0 = BuiltWithUnrealBuildTool|Win32
		{AFBD3517-3169-41C5-A3DC-FC43E9AAE7EA}.Shipping|Win32.ActiveCfg = BuiltWithUnrealBuildTool|Win32
		{AFBD3517-3169-41C5-A3DC-FC43E9AAE7EA}.Shipping|Win32.Build.0 = BuiltWithUnrealBuildTool|Win32
		{AFBD3517-3169-41C5-A3DC-FC43E9AAE7EA}.Shipping|Win64.ActiveCfg = BuiltWithUnrealBuildTool|Win32
		{AFBD3517-3169-41C5-A3DC-FC43E9AAE7EA}.Shipping|Win64.Build.0 = BuiltWithUnrealBuildTool|Win32
		{207045A7-FDB6-4FC3-814F-D28C97922504}.DebugGame Editor|HTML5.ActiveCfg = HTML5_DebugGame_Editor|Win32
		{207045A7-FDB6-4FC3-814F-D28C97922504}.DebugGame Editor|Win32.ActiveCfg = DebugGame_Editor|Win32
		{207045A7-FDB6-4FC3-814F-D28C97922504}.DebugGame Editor|Win64.ActiveCfg = DebugGame_Editor|x64
		{207045A7-FDB6-4FC3-814F-D28C97922504}.DebugGame Editor|Win64.Build.0 = DebugGame_Editor|x64
		{207045A7-FDB6-4FC3-814F-D28C97922504}.DebugGame|HTML5.ActiveCfg = HTML5_DebugGame_Game|Win32
		{207045A7-FDB6-4FC3-814F-D28C97922504}.DebugGame|HTML5.Build.0 = HTML5_DebugGame_Game|Win32
		{207045A7-FDB6-4FC3-814F-D28C97922504}.DebugGame|Win32.ActiveCfg = DebugGame_Game|Win32
		{207045A7-FDB6-4FC3-814F-D28C97922504}.DebugGame|Win32.Build.0 = DebugGame_Game|Win32
		{207045A7-FDB6-4FC3-814F-D28C97922504}.DebugGame|Win64.ActiveCfg = DebugGame_Game|x64
		{207045A7-FDB6-4FC3-814F-D28C97922504}.DebugGame|Win64.Build.0 = DebugGame_Game|x64
		{207045A7-FDB6-4FC3-814F-D28C97922504}.Development Editor|HTML5.ActiveCfg = HTML5_Development_Editor|Win32
		{207045A7-FDB6-4FC3-814F-D28C97922504}.Development Editor|Win32.ActiveCfg = Development_Editor|Win32
		{207045A7-FDB6-4FC3-814F-D28C97922504}.Development Editor|Win64.ActiveCfg = Development_Editor|x64
		{207045A7-FDB6-4FC3-814F-D28C97922504}.Development Editor|Win64.Build.0 = Development_Editor|x64
		{207045A7-FDB6-4FC3-814F-D28C97922504}.Development|HTML5.ActiveCfg = HTML5_Development_Game|Win32
		{207045A7-FDB6-4FC3-814F-D28C97922504}.Development|HTML5.Build.0 = HTML5_Development_Game|Win32
		{207045A7-FDB6-4FC3-814F-D28C97922504}.Development|Win32.ActiveCfg = Development_Game|Win32
		{207045A7-FDB6-4FC3-814F-D28C97922504}.Development|Win32.Build.0 = Development_Game|Win32
		{207045A7-FDB6-4FC3-814F-D28C97922504}.Development|Win64.ActiveCfg = Development_Game|x64
		{207045A7-FDB6-4FC3-814F-D28C97922504}.Development|Win64.Build.0 = Development_Game|x64
		{207045A7-FDB6-4FC3-814F-D28C97922504}.Shipping|HTML5.ActiveCfg = HTML5_Shipping_Game|Win32
		{207045A7-FDB6-4FC3-814F-D28C97922504}.Shipping|HTML5.Build.0 = HTML5_Shipping_Game|Win32
		{207045A7-FDB6-4FC3-814F-D28C97922504}.Shipping|Win32.ActiveCfg = Shipping_Game|Win32
		{207045A7-FDB6-4FC3-814F-D28C97922504}.Shipping|Win32.Build.0 = Shipping_Game|Win32
		{207045A7-FDB6-4FC3-814F-D28C97922504}.Shipping|Win64.ActiveCfg = Shipping_Game|x64
		{207045A7-FDB6-4FC3-814F-D28C97922504}.Shipping|Win64.Build.0 = Shipping_Game|x64
	EndGlobalSection
	GlobalSection(SolutionProperties) = preSolution
		HideSolutionNode = FALSE
	EndGlobalSection
	GlobalSection(NestedProjects) = preSolution
		{AFBD3517-3169-41C5-A3DC-FC43E9AAE7EA} = {079F9510-B71F-4904-9913-ED3EA2B043F2}
		{207045A7-FDB6-4FC3-814F-D28C97922504} = {BE0AF403-7433-4FEC-A2C9-D55ABA90BD72}
	EndGlobalSection
EndGlobal
